
Microsoft Visual Studio Solution File, Format Version 12.00
# Visual Studio 15
VisualStudioVersion = 15.0.28010.2046
MinimumVisualStudioVersion = 10.0.40219.1
Project("{FAE04EC0-301F-11D3-BF4B-00C04F79EFBC}") = "Question2", "Question2\Question2.csproj", "{1A39427C-BCEB-4C1C-BA09-FF8083B9AC40}"
EndProject
Global
	GlobalSection(SolutionConfigurationPlatforms) = preSolution
		Debug|Any CPU = Debug|Any CPU
		Release|Any CPU = Release|Any CPU
	EndGlobalSection
	GlobalSection(ProjectConfigurationPlatforms) = postSolution
		{1A39427C-BCEB-4C1C-BA09-FF8083B9AC40}.Debug|Any CPU.ActiveCfg = Debug|Any CPU
		{1A39427C-BCEB-4C1C-BA09-FF8083B9AC40}.Debug|Any CPU.Build.0 = Debug|Any CPU
		{1A39427C-BCEB-4C1C-BA09-FF8083B9AC40}.Release|Any CPU.ActiveCfg = Release|Any CPU
		{1A39427C-BCEB-4C1C-BA09-FF8083B9AC40}.Release|Any CPU.Build.0 = Release|Any CPU
	EndGlobalSection
	GlobalSection(SolutionProperties) = preSolution
		HideSolutionNode = FALSE
	EndGlobalSection
	GlobalSection(ExtensibilityGlobals) = postSolution
		SolutionGuid = {4B300717-6C88-4EF8-A892-ACA22C17053E}
	EndGlobalSection
EndGlobal
